
Microsoft Visual Studio Solution File, Format Version 12.00
# Visual Studio 15
VisualStudioVersion = 15.0.26403.0
MinimumVisualStudioVersion = 10.0.40219.1
Project("{FAE04EC0-301F-11D3-BF4B-00C04F79EFBC}") = "Silicon", "Silicon\Silicon.csproj", "{2254305A-E5E5-4F56-A3CF-CE44A47B5773}"
EndProject
Project("{FAE04EC0-301F-11D3-BF4B-00C04F79EFBC}") = "Silicon.NET", "Silicon.NET\Silicon.NET.csproj", "{E8E21B9D-018A-4DB8-B5E1-B33B776E6EA9}"
EndProject
Project("{FAE04EC0-301F-11D3-BF4B-00C04F79EFBC}") = "Silicon.Playground", "Silicon.Playground\Silicon.Playground.csproj", "{B9270C8D-B7B1-4119-9F71-E36AF8D4DA90}"
EndProject
Global
	GlobalSection(SolutionConfigurationPlatforms) = preSolution
		Debug|Any CPU = Debug|Any CPU
		Release|Any CPU = Release|Any CPU
	EndGlobalSection
	GlobalSection(ProjectConfigurationPlatforms) = postSolution
		{2254305A-E5E5-4F56-A3CF-CE44A47B5773}.Debug|Any CPU.ActiveCfg = Debug|Any CPU
		{2254305A-E5E5-4F56-A3CF-CE44A47B5773}.Debug|Any CPU.Build.0 = Debug|Any CPU
		{2254305A-E5E5-4F56-A3CF-CE44A47B5773}.Release|Any CPU.ActiveCfg = Release|Any CPU
		{2254305A-E5E5-4F56-A3CF-CE44A47B5773}.Release|Any CPU.Build.0 = Release|Any CPU
		{E8E21B9D-018A-4DB8-B5E1-B33B776E6EA9}.Debug|Any CPU.ActiveCfg = Debug|Any CPU
		{E8E21B9D-018A-4DB8-B5E1-B33B776E6EA9}.Debug|Any CPU.Build.0 = Debug|Any CPU
		{E8E21B9D-018A-4DB8-B5E1-B33B776E6EA9}.Release|Any CPU.ActiveCfg = Release|Any CPU
		{E8E21B9D-018A-4DB8-B5E1-B33B776E6EA9}.Release|Any CPU.Build.0 = Release|Any CPU
		{B9270C8D-B7B1-4119-9F71-E36AF8D4DA90}.Debug|Any CPU.ActiveCfg = Debug|Any CPU
		{B9270C8D-B7B1-4119-9F71-E36AF8D4DA90}.Debug|Any CPU.Build.0 = Debug|Any CPU
		{B9270C8D-B7B1-4119-9F71-E36AF8D4DA90}.Release|Any CPU.ActiveCfg = Release|Any CPU
		{B9270C8D-B7B1-4119-9F71-E36AF8D4DA90}.Release|Any CPU.Build.0 = Release|Any CPU
	EndGlobalSection
	GlobalSection(SolutionProperties) = preSolution
		HideSolutionNode = FALSE
	EndGlobalSection
EndGlobal
